
Microsoft Visual Studio Solution File, Format Version 12.00
# Visual Studio 15
VisualStudioVersion = 15.0.28307.705
MinimumVisualStudioVersion = 10.0.40219.1
Project("{FAE04EC0-301F-11D3-BF4B-00C04F79EFBC}") = "AccountBalance.Domaine", "AccountBalance.Domaine\AccountBalance.Domaine.csproj", "{B744CF77-E8F1-40A6-8BE4-76CBDF0EE420}"
EndProject
Project("{FAE04EC0-301F-11D3-BF4B-00C04F79EFBC}") = "AccountBalance.Test", "AccountBalance.Test\AccountBalance.Test.csproj", "{F3DBE5B3-FB6C-4225-9A44-E6D3A9A929C9}"
EndProject
Global
	GlobalSection(SolutionConfigurationPlatforms) = preSolution
		Debug|Any CPU = Debug|Any CPU
		Release|Any CPU = Release|Any CPU
	EndGlobalSection
	GlobalSection(ProjectConfigurationPlatforms) = postSolution
		{B744CF77-E8F1-40A6-8BE4-76CBDF0EE420}.Debug|Any CPU.ActiveCfg = Debug|Any CPU
		{B744CF77-E8F1-40A6-8BE4-76CBDF0EE420}.Debug|Any CPU.Build.0 = Debug|Any CPU
		{B744CF77-E8F1-40A6-8BE4-76CBDF0EE420}.Release|Any CPU.ActiveCfg = Release|Any CPU
		{B744CF77-E8F1-40A6-8BE4-76CBDF0EE420}.Release|Any CPU.Build.0 = Release|Any CPU
		{F3DBE5B3-FB6C-4225-9A44-E6D3A9A929C9}.Debug|Any CPU.ActiveCfg = Debug|Any CPU
		{F3DBE5B3-FB6C-4225-9A44-E6D3A9A929C9}.Debug|Any CPU.Build.0 = Debug|Any CPU
		{F3DBE5B3-FB6C-4225-9A44-E6D3A9A929C9}.Release|Any CPU.ActiveCfg = Release|Any CPU
		{F3DBE5B3-FB6C-4225-9A44-E6D3A9A929C9}.Release|Any CPU.Build.0 = Release|Any CPU
	EndGlobalSection
	GlobalSection(SolutionProperties) = preSolution
		HideSolutionNode = FALSE
	EndGlobalSection
	GlobalSection(ExtensibilityGlobals) = postSolution
		SolutionGuid = {161E1763-72C1-443F-A710-8EFB88CB91A7}
	EndGlobalSection
EndGlobal
